
Microsoft Visual Studio Solution File, Format Version 12.00
# Visual Studio 2012
Project("{8BC9CEB8-8B4A-11D0-8D11-00A0C91BC942}") = "opengltest", "opengltest\opengltest.vcxproj", "{71A8D191-BB1E-430D-8A72-F2279B6C89E1}"
EndProject
Project("{8BC9CEB8-8B4A-11D0-8D11-00A0C91BC942}") = "viewOgl", "viewOgl\viewOgl.vcxproj", "{4ED456C7-93A8-402B-88C4-CB3E1D139C34}"
EndProject
Global
	GlobalSection(SolutionConfigurationPlatforms) = preSolution
		Debug|Win32 = Debug|Win32
		Release|Win32 = Release|Win32
	EndGlobalSection
	GlobalSection(ProjectConfigurationPlatforms) = postSolution
		{71A8D191-BB1E-430D-8A72-F2279B6C89E1}.Debug|Win32.ActiveCfg = Debug|Win32
		{71A8D191-BB1E-430D-8A72-F2279B6C89E1}.Debug|Win32.Build.0 = Debug|Win32
		{71A8D191-BB1E-430D-8A72-F2279B6C89E1}.Release|Win32.ActiveCfg = Release|Win32
		{71A8D191-BB1E-430D-8A72-F2279B6C89E1}.Release|Win32.Build.0 = Release|Win32
		{4ED456C7-93A8-402B-88C4-CB3E1D139C34}.Debug|Win32.ActiveCfg = Debug|Win32
		{4ED456C7-93A8-402B-88C4-CB3E1D139C34}.Debug|Win32.Build.0 = Debug|Win32
		{4ED456C7-93A8-402B-88C4-CB3E1D139C34}.Release|Win32.ActiveCfg = Release|Win32
		{4ED456C7-93A8-402B-88C4-CB3E1D139C34}.Release|Win32.Build.0 = Release|Win32
	EndGlobalSection
	GlobalSection(SolutionProperties) = preSolution
		HideSolutionNode = FALSE
	EndGlobalSection
EndGlobal
